
Microsoft Visual Studio Solution File, Format Version 12.00
# Visual Studio Version 17
VisualStudioVersion = 17.7.33808.371
MinimumVisualStudioVersion = 10.0.40219.1
Project("{9A19103F-16F7-4668-BE54-9A1E7A4F7556}") = "UnrealSharp", "UnrealSharp\UnrealSharp.csproj", "{AC310529-9143-4CA3-8264-AA594DEA3D3F}"
EndProject
Project("{9A19103F-16F7-4668-BE54-9A1E7A4F7556}") = "UEInspector", "UEInspector\UEInspector.csproj", "{B34FF128-E068-4FE1-854A-3A99611A2C3E}"
EndProject
Global
	GlobalSection(SolutionConfigurationPlatforms) = preSolution
		Debug|Any CPU = Debug|Any CPU
		Release|Any CPU = Release|Any CPU
	EndGlobalSection
	GlobalSection(ProjectConfigurationPlatforms) = postSolution
		{AC310529-9143-4CA3-8264-AA594DEA3D3F}.Debug|Any CPU.ActiveCfg = Debug|Any CPU
		{AC310529-9143-4CA3-8264-AA594DEA3D3F}.Debug|Any CPU.Build.0 = Debug|Any CPU
		{AC310529-9143-4CA3-8264-AA594DEA3D3F}.Release|Any CPU.ActiveCfg = Release|Any CPU
		{AC310529-9143-4CA3-8264-AA594DEA3D3F}.Release|Any CPU.Build.0 = Release|Any CPU
		{B34FF128-E068-4FE1-854A-3A99611A2C3E}.Debug|Any CPU.ActiveCfg = Debug|Any CPU
		{B34FF128-E068-4FE1-854A-3A99611A2C3E}.Debug|Any CPU.Build.0 = Debug|Any CPU
		{B34FF128-E068-4FE1-854A-3A99611A2C3E}.Release|Any CPU.ActiveCfg = Release|Any CPU
	EndGlobalSection
	GlobalSection(SolutionProperties) = preSolution
		HideSolutionNode = FALSE
	EndGlobalSection
	GlobalSection(ExtensibilityGlobals) = postSolution
		SolutionGuid = {5E6CBD91-0A6A-433A-8BF1-956961BD2015}
	EndGlobalSection
EndGlobal
