
Microsoft Visual Studio Solution File, Format Version 12.00
# Visual Studio Version 16
VisualStudioVersion = 16.0.31112.23
MinimumVisualStudioVersion = 10.0.40219.1
Project("{9A19103F-16F7-4668-BE54-9A1E7A4F7556}") = "UnrealSharp", "UnrealSharp\UnrealSharp.csproj", "{4B8A9267-32AE-40BE-A821-877A24FDE11E}"
EndProject
Global
	GlobalSection(SolutionConfigurationPlatforms) = preSolution
		Debug|x64 = Debug|x64
		Release|x64 = Release|x64
	EndGlobalSection
	GlobalSection(ProjectConfigurationPlatforms) = postSolution
		{4B8A9267-32AE-40BE-A821-877A24FDE11E}.Debug|x64.ActiveCfg = Debug|x64
		{4B8A9267-32AE-40BE-A821-877A24FDE11E}.Debug|x64.Build.0 = Debug|x64
		{4B8A9267-32AE-40BE-A821-877A24FDE11E}.Release|x64.ActiveCfg = Release|x64
		{4B8A9267-32AE-40BE-A821-877A24FDE11E}.Release|x64.Build.0 = Release|x64
	EndGlobalSection
	GlobalSection(SolutionProperties) = preSolution
		HideSolutionNode = FALSE
	EndGlobalSection
	GlobalSection(ExtensibilityGlobals) = postSolution
		SolutionGuid = {638D31E3-A1D2-43AB-8C62-926592417504}
	EndGlobalSection
EndGlobal
