
Microsoft Visual Studio Solution File, Format Version 12.00
# Visual Studio Version 16
VisualStudioVersion = 16.0.31112.23
MinimumVisualStudioVersion = 10.0.40219.1
Project("{FAE04EC0-301F-11D3-BF4B-00C04F79EFBC}") = "UnrealSharp", "UnrealSharp\UnrealSharp.csproj", "{B34C4537-EB0C-4E38-A21C-1327752CA4AA}"
EndProject
Project("{FAE04EC0-301F-11D3-BF4B-00C04F79EFBC}") = "UnrealSharpInspector", "UnrealSharpInspector\UnrealSharpInspector.csproj", "{53B81F12-380D-431F-AEEA-57648D7DC7F3}"
EndProject
Global
	GlobalSection(SolutionConfigurationPlatforms) = preSolution
		Debug|Any CPU = Debug|Any CPU
		Release|Any CPU = Release|Any CPU
	EndGlobalSection
	GlobalSection(ProjectConfigurationPlatforms) = postSolution
		{B34C4537-EB0C-4E38-A21C-1327752CA4AA}.Debug|Any CPU.ActiveCfg = Debug|Any CPU
		{B34C4537-EB0C-4E38-A21C-1327752CA4AA}.Debug|Any CPU.Build.0 = Debug|Any CPU
		{B34C4537-EB0C-4E38-A21C-1327752CA4AA}.Release|Any CPU.ActiveCfg = Release|Any CPU
		{B34C4537-EB0C-4E38-A21C-1327752CA4AA}.Release|Any CPU.Build.0 = Release|Any CPU
		{53B81F12-380D-431F-AEEA-57648D7DC7F3}.Debug|Any CPU.ActiveCfg = Debug|Any CPU
		{53B81F12-380D-431F-AEEA-57648D7DC7F3}.Debug|Any CPU.Build.0 = Debug|Any CPU
		{53B81F12-380D-431F-AEEA-57648D7DC7F3}.Release|Any CPU.ActiveCfg = Release|Any CPU
		{53B81F12-380D-431F-AEEA-57648D7DC7F3}.Release|Any CPU.Build.0 = Release|Any CPU
	EndGlobalSection
	GlobalSection(SolutionProperties) = preSolution
		HideSolutionNode = FALSE
	EndGlobalSection
	GlobalSection(ExtensibilityGlobals) = postSolution
		SolutionGuid = {DD293E2F-7566-4597-A0A3-F9339730A4BD}
	EndGlobalSection
EndGlobal
